
Microsoft Visual Studio Solution File, Format Version 12.00
# Visual Studio Version 17
VisualStudioVersion = 17.9.34728.123
MinimumVisualStudioVersion = 10.0.40219.1
Project("{FAE04EC0-301F-11D3-BF4B-00C04F79EFBC}") = "eTickets", "eTickets\eTickets.csproj", "{CAEE433B-9355-4FA9-A380-0F8CF604D37A}"
EndProject
Global
	GlobalSection(SolutionConfigurationPlatforms) = preSolution
		Debug|Any CPU = Debug|Any CPU
		Release|Any CPU = Release|Any CPU
	EndGlobalSection
	GlobalSection(ProjectConfigurationPlatforms) = postSolution
		{CAEE433B-9355-4FA9-A380-0F8CF604D37A}.Debug|Any CPU.ActiveCfg = Debug|Any CPU
		{CAEE433B-9355-4FA9-A380-0F8CF604D37A}.Debug|Any CPU.Build.0 = Debug|Any CPU
		{CAEE433B-9355-4FA9-A380-0F8CF604D37A}.Release|Any CPU.ActiveCfg = Release|Any CPU
		{CAEE433B-9355-4FA9-A380-0F8CF604D37A}.Release|Any CPU.Build.0 = Release|Any CPU
	EndGlobalSection
	GlobalSection(SolutionProperties) = preSolution
		HideSolutionNode = FALSE
	EndGlobalSection
	GlobalSection(ExtensibilityGlobals) = postSolution
		SolutionGuid = {3A9248E1-8769-4AC5-A760-F30CB2110B27}
	EndGlobalSection
EndGlobal
